# THIS IS AN AUTOGENERATED FILE. DO NOT EDIT THIS FILE DIRECTLY.
# yarn lockfile v1


angular-resource@^1.5.0:
  version "1.6.8"
  resolved "https://registry.yarnpkg.com/angular-resource/-/angular-resource-1.6.8.tgz#cc2172f8ec4a3a8340c43c600a5fed543e4168af"

angular-route@^1.5.0:
  version "1.6.8"
  resolved "https://registry.yarnpkg.com/angular-route/-/angular-route-1.6.8.tgz#82ace773e7b232bf77768370760244a8caab5d36"

angular@^1.5.0:
  version "1.6.8"
  resolved "https://registry.yarnpkg.com/angular/-/angular-1.6.8.tgz#5be378a58be91a5489e78b59c4518cd9fd273ffb"

jquery@^3.4.0:
  version "3.4.0"
  resolved "https://registry.yarnpkg.com/jquery/-/jquery-3.4.0.tgz#8de513fa0fa4b2c7d2e48a530e26f0596936efdf"
