# THIS IS AN AUTOGENERATED FILE. DO NOT EDIT THIS FILE DIRECTLY.
# yarn lockfile v1


angular-resource@^1.5.0:
  version "1.6.8"
  resolved "https://registry.yarnpkg.com/angular-resource/-/angular-resource-1.6.8.tgz#cc2172f8ec4a3a8340c43c600a5fed543e4168af"

angular-route@^1.5.0:
  version "1.6.8"
  resolved "https://registry.yarnpkg.com/angular-route/-/angular-route-1.6.8.tgz#82ace773e7b232bf77768370760244a8caab5d36"

angular@^1.7.9:
  version "1.7.9"
  resolved "https://registry.yarnpkg.com/angular/-/angular-1.7.9.tgz#e52616e8701c17724c3c238cfe4f9446fd570bc4"

jquery@^3.0.0:
  version "3.3.1"
  resolved "https://registry.yarnpkg.com/jquery/-/jquery-3.3.1.tgz#958ce29e81c9790f31be7792df5d4d95fc57fbca"
